Microsoft Visual Studio Solution File, Format Version 8.00
Project("{FAE04EC0-301F-11D3-BF4B-00C04F79EFBC}") = "CtrlCloneTst", "CtrlCloneTst\CtrlCloneTst.csproj", "{9EDEE47A-DBFE-4F3E-BC0D-5CBEC8634785}"
	ProjectSection(ProjectDependencies) = postProject
	EndProjectSection
EndProject
Global
	GlobalSection(SolutionConfiguration) = preSolution
		Debug = Debug
		Release = Release
	EndGlobalSection
	GlobalSection(ProjectConfiguration) = postSolution
		{9EDEE47A-DBFE-4F3E-BC0D-5CBEC8634785}.Debug.ActiveCfg = Debug|.NET
		{9EDEE47A-DBFE-4F3E-BC0D-5CBEC8634785}.Debug.Build.0 = Debug|.NET
		{9EDEE47A-DBFE-4F3E-BC0D-5CBEC8634785}.Release.ActiveCfg = Release|.NET
		{9EDEE47A-DBFE-4F3E-BC0D-5CBEC8634785}.Release.Build.0 = Release|.NET
	EndGlobalSection
	GlobalSection(ExtensibilityGlobals) = postSolution
	EndGlobalSection
	GlobalSection(ExtensibilityAddIns) = postSolution
	EndGlobalSection
EndGlobal
